
Microsoft Visual Studio Solution File, Format Version 12.00
# Visual Studio Version 17
VisualStudioVersion = 17.2.32616.157
MinimumVisualStudioVersion = 10.0.40219.1
Project("{FAE04EC0-301F-11D3-BF4B-00C04F79EFBC}") = "FootballAnalysisTest", "FootballAnalysisTest.csproj", "{4F656F21-006D-4FB5-B541-24E13E494ECF}"
EndProject
Global
	GlobalSection(SolutionConfigurationPlatforms) = preSolution
		Debug|Any CPU = Debug|Any CPU
		Release|Any CPU = Release|Any CPU
	EndGlobalSection
	GlobalSection(ProjectConfigurationPlatforms) = postSolution
		{4F656F21-006D-4FB5-B541-24E13E494ECF}.Debug|Any CPU.ActiveCfg = Debug|Any CPU
		{4F656F21-006D-4FB5-B541-24E13E494ECF}.Debug|Any CPU.Build.0 = Debug|Any CPU
		{4F656F21-006D-4FB5-B541-24E13E494ECF}.Release|Any CPU.ActiveCfg = Release|Any CPU
		{4F656F21-006D-4FB5-B541-24E13E494ECF}.Release|Any CPU.Build.0 = Release|Any CPU
	EndGlobalSection
	GlobalSection(SolutionProperties) = preSolution
		HideSolutionNode = FALSE
	EndGlobalSection
	GlobalSection(ExtensibilityGlobals) = postSolution
		SolutionGuid = {04C48F84-1986-40F5-A4F1-974C7E01CCBB}
	EndGlobalSection
EndGlobal
